
Microsoft Visual Studio Solution File, Format Version 12.00
# Visual Studio Version 16
VisualStudioVersion = 16.0.30413.136
MinimumVisualStudioVersion = 10.0.40219.1
Project("{FAE04EC0-301F-11D3-BF4B-00C04F79EFBC}") = "WebApplication1", "WebApplication1.csproj", "{BCA12A5D-DA8E-4A77-854A-5D54C38EBDF4}"
EndProject
Global
	GlobalSection(SolutionConfigurationPlatforms) = preSolution
		Debug|Any CPU = Debug|Any CPU
		Release|Any CPU = Release|Any CPU
	EndGlobalSection
	GlobalSection(ProjectConfigurationPlatforms) = postSolution
		{BCA12A5D-DA8E-4A77-854A-5D54C38EBDF4}.Debug|Any CPU.ActiveCfg = Debug|Any CPU
		{BCA12A5D-DA8E-4A77-854A-5D54C38EBDF4}.Debug|Any CPU.Build.0 = Debug|Any CPU
		{BCA12A5D-DA8E-4A77-854A-5D54C38EBDF4}.Release|Any CPU.ActiveCfg = Release|Any CPU
		{BCA12A5D-DA8E-4A77-854A-5D54C38EBDF4}.Release|Any CPU.Build.0 = Release|Any CPU
	EndGlobalSection
	GlobalSection(SolutionProperties) = preSolution
		HideSolutionNode = FALSE
	EndGlobalSection
	GlobalSection(ExtensibilityGlobals) = postSolution
		SolutionGuid = {9662D7E7-ED52-49A4-AFBD-A01E27E86ED1}
	EndGlobalSection
EndGlobal
